
Microsoft Visual Studio Solution File, Format Version 12.00
# Visual Studio Version 16
VisualStudioVersion = 16.0.31313.79
MinimumVisualStudioVersion = 10.0.40219.1
Project("{FAE04EC0-301F-11D3-BF4B-00C04F79EFBC}") = "DeRuta.Android", "DeRuta.Android\DeRuta.Android.csproj", "{C0DD2B44-6595-4047-8797-11DEBD998369}"
EndProject
Project("{FAE04EC0-301F-11D3-BF4B-00C04F79EFBC}") = "DeRuta.iOS", "DeRuta.iOS\DeRuta.iOS.csproj", "{07A371D1-46F3-43FC-8606-2AB0653AD21D}"
EndProject
Project("{FAE04EC0-301F-11D3-BF4B-00C04F79EFBC}") = "DeRuta", "DeRuta\DeRuta.csproj", "{DE96E2F9-7320-462A-82D6-FE55F6395FEE}"
EndProject
Global
	GlobalSection(SolutionConfigurationPlatforms) = preSolution
		Debug|Any CPU = Debug|Any CPU
		Debug|iPhone = Debug|iPhone
		Debug|iPhoneSimulator = Debug|iPhoneSimulator
		Release|Any CPU = Release|Any CPU
		Release|iPhone = Release|iPhone
		Release|iPhoneSimulator = Release|iPhoneSimulator
	EndGlobalSection
	GlobalSection(ProjectConfigurationPlatforms) = postSolution
		{C0DD2B44-6595-4047-8797-11DEBD998369}.Debug|Any CPU.ActiveCfg = Debug|Any CPU
		{C0DD2B44-6595-4047-8797-11DEBD998369}.Debug|Any CPU.Build.0 = Debug|Any CPU
		{C0DD2B44-6595-4047-8797-11DEBD998369}.Debug|Any CPU.Deploy.0 = Debug|Any CPU
		{C0DD2B44-6595-4047-8797-11DEBD998369}.Debug|iPhone.ActiveCfg = Debug|Any CPU
		{C0DD2B44-6595-4047-8797-11DEBD998369}.Debug|iPhone.Build.0 = Debug|Any CPU
		{C0DD2B44-6595-4047-8797-11DEBD998369}.Debug|iPhone.Deploy.0 = Debug|Any CPU
		{C0DD2B44-6595-4047-8797-11DEBD998369}.Debug|iPhoneSimulator.ActiveCfg = Debug|Any CPU
		{C0DD2B44-6595-4047-8797-11DEBD998369}.Debug|iPhoneSimulator.Build.0 = Debug|Any CPU
		{C0DD2B44-6595-4047-8797-11DEBD998369}.Debug|iPhoneSimulator.Deploy.0 = Debug|Any CPU
		{C0DD2B44-6595-4047-8797-11DEBD998369}.Release|Any CPU.ActiveCfg = Release|Any CPU
		{C0DD2B44-6595-4047-8797-11DEBD998369}.Release|Any CPU.Build.0 = Release|Any CPU
		{C0DD2B44-6595-4047-8797-11DEBD998369}.Release|Any CPU.Deploy.0 = Release|Any CPU
		{C0DD2B44-6595-4047-8797-11DEBD998369}.Release|iPhone.ActiveCfg = Release|Any CPU
		{C0DD2B44-6595-4047-8797-11DEBD998369}.Release|iPhone.Build.0 = Release|Any CPU
		{C0DD2B44-6595-4047-8797-11DEBD998369}.Release|iPhone.Deploy.0 = Release|Any CPU
		{C0DD2B44-6595-4047-8797-11DEBD998369}.Release|iPhoneSimulator.ActiveCfg = Release|Any CPU
		{C0DD2B44-6595-4047-8797-11DEBD998369}.Release|iPhoneSimulator.Build.0 = Release|Any CPU
		{C0DD2B44-6595-4047-8797-11DEBD998369}.Release|iPhoneSimulator.Deploy.0 = Release|Any CPU
		{07A371D1-46F3-43FC-8606-2AB0653AD21D}.Debug|Any CPU.ActiveCfg = Debug|iPhone
		{07A371D1-46F3-43FC-8606-2AB0653AD21D}.Debug|Any CPU.Build.0 = Debug|iPhone
		{07A371D1-46F3-43FC-8606-2AB0653AD21D}.Debug|Any CPU.Deploy.0 = Debug|iPhone
		{07A371D1-46F3-43FC-8606-2AB0653AD21D}.Debug|iPhone.ActiveCfg = Debug|iPhone
		{07A371D1-46F3-43FC-8606-2AB0653AD21D}.Debug|iPhone.Build.0 = Debug|iPhone
		{07A371D1-46F3-43FC-8606-2AB0653AD21D}.Debug|iPhone.Deploy.0 = Debug|iPhone
		{07A371D1-46F3-43FC-8606-2AB0653AD21D}.Debug|iPhoneSimulator.ActiveCfg = Debug|iPhoneSimulator
		{07A371D1-46F3-43FC-8606-2AB0653AD21D}.Debug|iPhoneSimulator.Build.0 = Debug|iPhoneSimulator
		{07A371D1-46F3-43FC-8606-2AB0653AD21D}.Debug|iPhoneSimulator.Deploy.0 = Debug|iPhoneSimulator
		{07A371D1-46F3-43FC-8606-2AB0653AD21D}.Release|Any CPU.ActiveCfg = Release|iPhoneSimulator
		{07A371D1-46F3-43FC-8606-2AB0653AD21D}.Release|Any CPU.Build.0 = Release|iPhoneSimulator
		{07A371D1-46F3-43FC-8606-2AB0653AD21D}.Release|Any CPU.Deploy.0 = Release|iPhoneSimulator
		{07A371D1-46F3-43FC-8606-2AB0653AD21D}.Release|iPhone.ActiveCfg = Release|iPhone
		{07A371D1-46F3-43FC-8606-2AB0653AD21D}.Release|iPhone.Build.0 = Release|iPhone
		{07A371D1-46F3-43FC-8606-2AB0653AD21D}.Release|iPhone.Deploy.0 = Release|iPhone
		{07A371D1-46F3-43FC-8606-2AB0653AD21D}.Release|iPhoneSimulator.ActiveCfg = Release|iPhoneSimulator
		{07A371D1-46F3-43FC-8606-2AB0653AD21D}.Release|iPhoneSimulator.Build.0 = Release|iPhoneSimulator
		{07A371D1-46F3-43FC-8606-2AB0653AD21D}.Release|iPhoneSimulator.Deploy.0 = Release|iPhoneSimulator
		{DE96E2F9-7320-462A-82D6-FE55F6395FEE}.Debug|Any CPU.ActiveCfg = Debug|Any CPU
		{DE96E2F9-7320-462A-82D6-FE55F6395FEE}.Debug|Any CPU.Build.0 = Debug|Any CPU
		{DE96E2F9-7320-462A-82D6-FE55F6395FEE}.Debug|Any CPU.Deploy.0 = Debug|Any CPU
		{DE96E2F9-7320-462A-82D6-FE55F6395FEE}.Debug|iPhone.ActiveCfg = Debug|Any CPU
		{DE96E2F9-7320-462A-82D6-FE55F6395FEE}.Debug|iPhone.Build.0 = Debug|Any CPU
		{DE96E2F9-7320-462A-82D6-FE55F6395FEE}.Debug|iPhone.Deploy.0 = Debug|Any CPU
		{DE96E2F9-7320-462A-82D6-FE55F6395FEE}.Debug|iPhoneSimulator.ActiveCfg = Debug|Any CPU
		{DE96E2F9-7320-462A-82D6-FE55F6395FEE}.Debug|iPhoneSimulator.Build.0 = Debug|Any CPU
		{DE96E2F9-7320-462A-82D6-FE55F6395FEE}.Debug|iPhoneSimulator.Deploy.0 = Debug|Any CPU
		{DE96E2F9-7320-462A-82D6-FE55F6395FEE}.Release|Any CPU.ActiveCfg = Release|Any CPU
		{DE96E2F9-7320-462A-82D6-FE55F6395FEE}.Release|Any CPU.Build.0 = Release|Any CPU
		{DE96E2F9-7320-462A-82D6-FE55F6395FEE}.Release|Any CPU.Deploy.0 = Release|Any CPU
		{DE96E2F9-7320-462A-82D6-FE55F6395FEE}.Release|iPhone.ActiveCfg = Release|Any CPU
		{DE96E2F9-7320-462A-82D6-FE55F6395FEE}.Release|iPhone.Build.0 = Release|Any CPU
		{DE96E2F9-7320-462A-82D6-FE55F6395FEE}.Release|iPhone.Deploy.0 = Release|Any CPU
		{DE96E2F9-7320-462A-82D6-FE55F6395FEE}.Release|iPhoneSimulator.ActiveCfg = Release|Any CPU
		{DE96E2F9-7320-462A-82D6-FE55F6395FEE}.Release|iPhoneSimulator.Build.0 = Release|Any CPU
		{DE96E2F9-7320-462A-82D6-FE55F6395FEE}.Release|iPhoneSimulator.Deploy.0 = Release|Any CPU
	EndGlobalSection
	GlobalSection(SolutionProperties) = preSolution
		HideSolutionNode = FALSE
	EndGlobalSection
	GlobalSection(ExtensibilityGlobals) = postSolution
		SolutionGuid = {799B4EC8-F445-4B0B-B563-E8AA472FCE32}
	EndGlobalSection
EndGlobal
